
Microsoft Visual Studio Solution File, Format Version 12.00
# Visual Studio Version 16
VisualStudioVersion = 16.0.29411.138
MinimumVisualStudioVersion = 10.0.40219.1
Project("{9A19103F-16F7-4668-BE54-9A1E7A4F7556}") = "BlazorMovies.Server", "BlazorMovies\Server\BlazorMovies.Server.csproj", "{F062FE80-2058-4B93-951D-4AB7DBD2433A}"
EndProject
Project("{9A19103F-16F7-4668-BE54-9A1E7A4F7556}") = "BlazorMovies.Client", "BlazorMovies\Client\BlazorMovies.Client.csproj", "{3D88005C-4782-4D96-9455-B8E1058E979F}"
EndProject
Project("{9A19103F-16F7-4668-BE54-9A1E7A4F7556}") = "BlazorMovies.Shared", "BlazorMovies\Shared\BlazorMovies.Shared.csproj", "{059D92BC-D342-4024-B56D-B277F96C399B}"
EndProject
Project("{9A19103F-16F7-4668-BE54-9A1E7A4F7556}") = "BlazorMovies.Components", "BlazorMovies.Components\BlazorMovies.Components.csproj", "{D5AD305A-DDA2-44E9-ADE0-A61447A88AE2}"
EndProject
Project("{9A19103F-16F7-4668-BE54-9A1E7A4F7556}") = "BlazorMovies.ServerSide", "BlazorMovies.ServerSide\BlazorMovies.ServerSide.csproj", "{EC856F7A-4259-476B-A7F8-1DDD3E6909AC}"
EndProject
Project("{9A19103F-16F7-4668-BE54-9A1E7A4F7556}") = "BlazorMovies.SharedBackend", "BlazorMovies.SharedBackend\BlazorMovies.SharedBackend.csproj", "{085DF771-F53B-4F2D-91D1-FD7286DF20DC}"
EndProject
Project("{2150E333-8FDC-42A3-9474-1A3956D46DE8}") = "Shared", "Shared", "{8AFAA4A6-CC8A-4165-B8B6-B871A9AC3383}"
EndProject
Project("{2150E333-8FDC-42A3-9474-1A3956D46DE8}") = "WebAssembly", "WebAssembly", "{EAC2B91B-EF50-42CB-B2AE-0AB5B71C7CED}"
EndProject
Project("{2150E333-8FDC-42A3-9474-1A3956D46DE8}") = "ServerSide", "ServerSide", "{E4E21859-B21C-4270-B743-239068A36C35}"
EndProject
Global
	GlobalSection(SolutionConfigurationPlatforms) = preSolution
		Debug|Any CPU = Debug|Any CPU
		Release|Any CPU = Release|Any CPU
	EndGlobalSection
	GlobalSection(ProjectConfigurationPlatforms) = postSolution
		{F062FE80-2058-4B93-951D-4AB7DBD2433A}.Debug|Any CPU.ActiveCfg = Debug|Any CPU
		{F062FE80-2058-4B93-951D-4AB7DBD2433A}.Debug|Any CPU.Build.0 = Debug|Any CPU
		{F062FE80-2058-4B93-951D-4AB7DBD2433A}.Release|Any CPU.ActiveCfg = Release|Any CPU
		{F062FE80-2058-4B93-951D-4AB7DBD2433A}.Release|Any CPU.Build.0 = Release|Any CPU
		{3D88005C-4782-4D96-9455-B8E1058E979F}.Debug|Any CPU.ActiveCfg = Debug|Any CPU
		{3D88005C-4782-4D96-9455-B8E1058E979F}.Debug|Any CPU.Build.0 = Debug|Any CPU
		{3D88005C-4782-4D96-9455-B8E1058E979F}.Release|Any CPU.ActiveCfg = Release|Any CPU
		{3D88005C-4782-4D96-9455-B8E1058E979F}.Release|Any CPU.Build.0 = Release|Any CPU
		{059D92BC-D342-4024-B56D-B277F96C399B}.Debug|Any CPU.ActiveCfg = Debug|Any CPU
		{059D92BC-D342-4024-B56D-B277F96C399B}.Debug|Any CPU.Build.0 = Debug|Any CPU
		{059D92BC-D342-4024-B56D-B277F96C399B}.Release|Any CPU.ActiveCfg = Release|Any CPU
		{059D92BC-D342-4024-B56D-B277F96C399B}.Release|Any CPU.Build.0 = Release|Any CPU
		{D5AD305A-DDA2-44E9-ADE0-A61447A88AE2}.Debug|Any CPU.ActiveCfg = Debug|Any CPU
		{D5AD305A-DDA2-44E9-ADE0-A61447A88AE2}.Debug|Any CPU.Build.0 = Debug|Any CPU
		{D5AD305A-DDA2-44E9-ADE0-A61447A88AE2}.Release|Any CPU.ActiveCfg = Release|Any CPU
		{D5AD305A-DDA2-44E9-ADE0-A61447A88AE2}.Release|Any CPU.Build.0 = Release|Any CPU
		{EC856F7A-4259-476B-A7F8-1DDD3E6909AC}.Debug|Any CPU.ActiveCfg = Debug|Any CPU
		{EC856F7A-4259-476B-A7F8-1DDD3E6909AC}.Debug|Any CPU.Build.0 = Debug|Any CPU
		{EC856F7A-4259-476B-A7F8-1DDD3E6909AC}.Release|Any CPU.ActiveCfg = Release|Any CPU
		{EC856F7A-4259-476B-A7F8-1DDD3E6909AC}.Release|Any CPU.Build.0 = Release|Any CPU
		{085DF771-F53B-4F2D-91D1-FD7286DF20DC}.Debug|Any CPU.ActiveCfg = Debug|Any CPU
		{085DF771-F53B-4F2D-91D1-FD7286DF20DC}.Debug|Any CPU.Build.0 = Debug|Any CPU
		{085DF771-F53B-4F2D-91D1-FD7286DF20DC}.Release|Any CPU.ActiveCfg = Release|Any CPU
		{085DF771-F53B-4F2D-91D1-FD7286DF20DC}.Release|Any CPU.Build.0 = Release|Any CPU
	EndGlobalSection
	GlobalSection(SolutionProperties) = preSolution
		HideSolutionNode = FALSE
	EndGlobalSection
	GlobalSection(NestedProjects) = preSolution
		{F062FE80-2058-4B93-951D-4AB7DBD2433A} = {EAC2B91B-EF50-42CB-B2AE-0AB5B71C7CED}
		{3D88005C-4782-4D96-9455-B8E1058E979F} = {EAC2B91B-EF50-42CB-B2AE-0AB5B71C7CED}
		{059D92BC-D342-4024-B56D-B277F96C399B} = {8AFAA4A6-CC8A-4165-B8B6-B871A9AC3383}
		{D5AD305A-DDA2-44E9-ADE0-A61447A88AE2} = {8AFAA4A6-CC8A-4165-B8B6-B871A9AC3383}
		{EC856F7A-4259-476B-A7F8-1DDD3E6909AC} = {E4E21859-B21C-4270-B743-239068A36C35}
		{085DF771-F53B-4F2D-91D1-FD7286DF20DC} = {8AFAA4A6-CC8A-4165-B8B6-B871A9AC3383}
	EndGlobalSection
	GlobalSection(ExtensibilityGlobals) = postSolution
		SolutionGuid = {C02675A3-D4AD-4C32-B1DC-4218255FD823}
	EndGlobalSection
EndGlobal
